
Microsoft Visual Studio Solution File, Format Version 12.00
# Visual Studio Version 16
VisualStudioVersion = 16.0.31515.178
MinimumVisualStudioVersion = 10.0.40219.1
Project("{9A19103F-16F7-4668-BE54-9A1E7A4F7556}") = "gRPCFromWcf", "gRPCFromWcf\gRPCFromWcf.csproj", "{7FCA2A6D-5031-4AC9-AB65-D314D68777E0}"
EndProject
Project("{9A19103F-16F7-4668-BE54-9A1E7A4F7556}") = "Infrastructure", "Infrastructure\Infrastructure.csproj", "{E8A5954F-C89F-4D39-97B2-3D2167C3A470}"
EndProject
Project("{FAE04EC0-301F-11D3-BF4B-00C04F79EFBC}") = "ClientApp", "ClientApp\ClientApp.csproj", "{58882AD0-2A4B-4D2F-BED8-86D81A4FC5E0}"
EndProject
Global
	GlobalSection(SolutionConfigurationPlatforms) = preSolution
		Debug|Any CPU = Debug|Any CPU
		Release|Any CPU = Release|Any CPU
	EndGlobalSection
	GlobalSection(ProjectConfigurationPlatforms) = postSolution
		{7FCA2A6D-5031-4AC9-AB65-D314D68777E0}.Debug|Any CPU.ActiveCfg = Debug|Any CPU
		{7FCA2A6D-5031-4AC9-AB65-D314D68777E0}.Debug|Any CPU.Build.0 = Debug|Any CPU
		{7FCA2A6D-5031-4AC9-AB65-D314D68777E0}.Release|Any CPU.ActiveCfg = Release|Any CPU
		{7FCA2A6D-5031-4AC9-AB65-D314D68777E0}.Release|Any CPU.Build.0 = Release|Any CPU
		{E8A5954F-C89F-4D39-97B2-3D2167C3A470}.Debug|Any CPU.ActiveCfg = Debug|Any CPU
		{E8A5954F-C89F-4D39-97B2-3D2167C3A470}.Debug|Any CPU.Build.0 = Debug|Any CPU
		{E8A5954F-C89F-4D39-97B2-3D2167C3A470}.Release|Any CPU.ActiveCfg = Release|Any CPU
		{E8A5954F-C89F-4D39-97B2-3D2167C3A470}.Release|Any CPU.Build.0 = Release|Any CPU
		{58882AD0-2A4B-4D2F-BED8-86D81A4FC5E0}.Debug|Any CPU.ActiveCfg = Debug|Any CPU
		{58882AD0-2A4B-4D2F-BED8-86D81A4FC5E0}.Debug|Any CPU.Build.0 = Debug|Any CPU
		{58882AD0-2A4B-4D2F-BED8-86D81A4FC5E0}.Release|Any CPU.ActiveCfg = Release|Any CPU
		{58882AD0-2A4B-4D2F-BED8-86D81A4FC5E0}.Release|Any CPU.Build.0 = Release|Any CPU
	EndGlobalSection
	GlobalSection(SolutionProperties) = preSolution
		HideSolutionNode = FALSE
	EndGlobalSection
	GlobalSection(ExtensibilityGlobals) = postSolution
		SolutionGuid = {7F30810D-7F16-4B25-BE06-ABBEF7588631}
	EndGlobalSection
EndGlobal
