
Microsoft Visual Studio Solution File, Format Version 12.00
# Visual Studio Version 16
VisualStudioVersion = 16.0.30104.148
MinimumVisualStudioVersion = 10.0.40219.1
Project("{9A19103F-16F7-4668-BE54-9A1E7A4F7556}") = "GrpcServiceProjects.Basis", "GrpcServiceProjects\GrpcServiceProjects.Basis.csproj", "{B540B24D-A78A-4D7C-BC5B-193D5F25A772}"
EndProject
Project("{9A19103F-16F7-4668-BE54-9A1E7A4F7556}") = "ConsoleClient.Basis", "ConsoleClientApp\ConsoleClient.Basis.csproj", "{BECC24BA-8681-46E5-9403-4961017575A4}"
EndProject
Project("{9A19103F-16F7-4668-BE54-9A1E7A4F7556}") = "GrpcServiceProjects.Advanced", "GrpcServiceProjects.Advanced\GrpcServiceProjects.Advanced.csproj", "{5F759323-0E06-4BA1-ABA6-F5AA8B36AEB8}"
EndProject
Project("{9A19103F-16F7-4668-BE54-9A1E7A4F7556}") = "ConsoleClient.Advanced", "ConsoleClient.Advanced\ConsoleClient.Advanced.csproj", "{C8892CBA-7248-4B7B-A203-F61D72C90EE7}"
EndProject
Project("{9A19103F-16F7-4668-BE54-9A1E7A4F7556}") = "GrpcServiceProjectsMongoDbServer", "GrpcServiceProjects.MongoDb\GrpcServiceProjectsMongoDbServer.csproj", "{5F8F0E5F-6898-450F-A459-6102420E8A22}"
EndProject
Project("{9A19103F-16F7-4668-BE54-9A1E7A4F7556}") = "GrpcServiceProjectsMongoDb.ClientApp", "GrpcServiceProjectsMongoDb.ClientApp\GrpcServiceProjectsMongoDb.ClientApp.csproj", "{D1F38780-1AC2-46E3-A401-F4ED168CA2A7}"
EndProject
Project("{FAE04EC0-301F-11D3-BF4B-00C04F79EFBC}") = "GrpcDataStreaming.Server", "GrpcDataHandler.Server\GrpcDataStreaming.Server.csproj", "{59D988C3-EC3E-4619-A537-54A8BC14ED0F}"
EndProject
Project("{FAE04EC0-301F-11D3-BF4B-00C04F79EFBC}") = "GrpcDataStreaming.Client", "GrpcDataStreaming.Client\GrpcDataStreaming.Client.csproj", "{CC1B8D29-7F30-48FE-A55C-3627FC4BDCE1}"
EndProject
Global
	GlobalSection(SolutionConfigurationPlatforms) = preSolution
		Debug|Any CPU = Debug|Any CPU
		Release|Any CPU = Release|Any CPU
	EndGlobalSection
	GlobalSection(ProjectConfigurationPlatforms) = postSolution
		{B540B24D-A78A-4D7C-BC5B-193D5F25A772}.Debug|Any CPU.ActiveCfg = Debug|Any CPU
		{B540B24D-A78A-4D7C-BC5B-193D5F25A772}.Debug|Any CPU.Build.0 = Debug|Any CPU
		{B540B24D-A78A-4D7C-BC5B-193D5F25A772}.Release|Any CPU.ActiveCfg = Release|Any CPU
		{B540B24D-A78A-4D7C-BC5B-193D5F25A772}.Release|Any CPU.Build.0 = Release|Any CPU
		{BECC24BA-8681-46E5-9403-4961017575A4}.Debug|Any CPU.ActiveCfg = Debug|Any CPU
		{BECC24BA-8681-46E5-9403-4961017575A4}.Debug|Any CPU.Build.0 = Debug|Any CPU
		{BECC24BA-8681-46E5-9403-4961017575A4}.Release|Any CPU.ActiveCfg = Release|Any CPU
		{BECC24BA-8681-46E5-9403-4961017575A4}.Release|Any CPU.Build.0 = Release|Any CPU
		{5F759323-0E06-4BA1-ABA6-F5AA8B36AEB8}.Debug|Any CPU.ActiveCfg = Debug|Any CPU
		{5F759323-0E06-4BA1-ABA6-F5AA8B36AEB8}.Debug|Any CPU.Build.0 = Debug|Any CPU
		{5F759323-0E06-4BA1-ABA6-F5AA8B36AEB8}.Release|Any CPU.ActiveCfg = Release|Any CPU
		{5F759323-0E06-4BA1-ABA6-F5AA8B36AEB8}.Release|Any CPU.Build.0 = Release|Any CPU
		{C8892CBA-7248-4B7B-A203-F61D72C90EE7}.Debug|Any CPU.ActiveCfg = Debug|Any CPU
		{C8892CBA-7248-4B7B-A203-F61D72C90EE7}.Debug|Any CPU.Build.0 = Debug|Any CPU
		{C8892CBA-7248-4B7B-A203-F61D72C90EE7}.Release|Any CPU.ActiveCfg = Release|Any CPU
		{C8892CBA-7248-4B7B-A203-F61D72C90EE7}.Release|Any CPU.Build.0 = Release|Any CPU
		{5F8F0E5F-6898-450F-A459-6102420E8A22}.Debug|Any CPU.ActiveCfg = Debug|Any CPU
		{5F8F0E5F-6898-450F-A459-6102420E8A22}.Debug|Any CPU.Build.0 = Debug|Any CPU
		{5F8F0E5F-6898-450F-A459-6102420E8A22}.Release|Any CPU.ActiveCfg = Release|Any CPU
		{5F8F0E5F-6898-450F-A459-6102420E8A22}.Release|Any CPU.Build.0 = Release|Any CPU
		{D1F38780-1AC2-46E3-A401-F4ED168CA2A7}.Debug|Any CPU.ActiveCfg = Debug|Any CPU
		{D1F38780-1AC2-46E3-A401-F4ED168CA2A7}.Debug|Any CPU.Build.0 = Debug|Any CPU
		{D1F38780-1AC2-46E3-A401-F4ED168CA2A7}.Release|Any CPU.ActiveCfg = Release|Any CPU
		{D1F38780-1AC2-46E3-A401-F4ED168CA2A7}.Release|Any CPU.Build.0 = Release|Any CPU
		{59D988C3-EC3E-4619-A537-54A8BC14ED0F}.Debug|Any CPU.ActiveCfg = Debug|Any CPU
		{59D988C3-EC3E-4619-A537-54A8BC14ED0F}.Debug|Any CPU.Build.0 = Debug|Any CPU
		{59D988C3-EC3E-4619-A537-54A8BC14ED0F}.Release|Any CPU.ActiveCfg = Release|Any CPU
		{59D988C3-EC3E-4619-A537-54A8BC14ED0F}.Release|Any CPU.Build.0 = Release|Any CPU
		{CC1B8D29-7F30-48FE-A55C-3627FC4BDCE1}.Debug|Any CPU.ActiveCfg = Debug|Any CPU
		{CC1B8D29-7F30-48FE-A55C-3627FC4BDCE1}.Debug|Any CPU.Build.0 = Debug|Any CPU
		{CC1B8D29-7F30-48FE-A55C-3627FC4BDCE1}.Release|Any CPU.ActiveCfg = Release|Any CPU
		{CC1B8D29-7F30-48FE-A55C-3627FC4BDCE1}.Release|Any CPU.Build.0 = Release|Any CPU
	EndGlobalSection
	GlobalSection(SolutionProperties) = preSolution
		HideSolutionNode = FALSE
	EndGlobalSection
	GlobalSection(ExtensibilityGlobals) = postSolution
		SolutionGuid = {4C245DC9-6E7F-4820-926B-3844451B6140}
	EndGlobalSection
EndGlobal
