
Microsoft Visual Studio Solution File, Format Version 12.00
# Visual Studio Version 16
VisualStudioVersion = 16.0.31515.178
MinimumVisualStudioVersion = 10.0.40219.1
Project("{9A19103F-16F7-4668-BE54-9A1E7A4F7556}") = "TraderSys.Portfolios", "Portfolios.WebApi\TraderSys.Portfolios.csproj", "{9B71CDAB-F5EA-4B77-82C3-A70A1AAECE25}"
EndProject
Project("{9A19103F-16F7-4668-BE54-9A1E7A4F7556}") = "TraderSys.ClientApp", "TraderSys.ClientApp\TraderSys.ClientApp.csproj", "{0D5D796C-8C24-4F4F-9067-2DCD7DB9D24C}"
EndProject
Project("{9A19103F-16F7-4668-BE54-9A1E7A4F7556}") = "TraderSys.StockMarket", "TraderSys.StockMarket\TraderSys.StockMarket.csproj", "{0560B08E-A784-45E0-BB87-29D8C4AAC2E7}"
EndProject
Global
	GlobalSection(SolutionConfigurationPlatforms) = preSolution
		Debug|Any CPU = Debug|Any CPU
		Release|Any CPU = Release|Any CPU
	EndGlobalSection
	GlobalSection(ProjectConfigurationPlatforms) = postSolution
		{9B71CDAB-F5EA-4B77-82C3-A70A1AAECE25}.Debug|Any CPU.ActiveCfg = Debug|Any CPU
		{9B71CDAB-F5EA-4B77-82C3-A70A1AAECE25}.Debug|Any CPU.Build.0 = Debug|Any CPU
		{9B71CDAB-F5EA-4B77-82C3-A70A1AAECE25}.Release|Any CPU.ActiveCfg = Release|Any CPU
		{9B71CDAB-F5EA-4B77-82C3-A70A1AAECE25}.Release|Any CPU.Build.0 = Release|Any CPU
		{0D5D796C-8C24-4F4F-9067-2DCD7DB9D24C}.Debug|Any CPU.ActiveCfg = Debug|Any CPU
		{0D5D796C-8C24-4F4F-9067-2DCD7DB9D24C}.Debug|Any CPU.Build.0 = Debug|Any CPU
		{0D5D796C-8C24-4F4F-9067-2DCD7DB9D24C}.Release|Any CPU.ActiveCfg = Release|Any CPU
		{0D5D796C-8C24-4F4F-9067-2DCD7DB9D24C}.Release|Any CPU.Build.0 = Release|Any CPU
		{0560B08E-A784-45E0-BB87-29D8C4AAC2E7}.Debug|Any CPU.ActiveCfg = Debug|Any CPU
		{0560B08E-A784-45E0-BB87-29D8C4AAC2E7}.Debug|Any CPU.Build.0 = Debug|Any CPU
		{0560B08E-A784-45E0-BB87-29D8C4AAC2E7}.Release|Any CPU.ActiveCfg = Release|Any CPU
		{0560B08E-A784-45E0-BB87-29D8C4AAC2E7}.Release|Any CPU.Build.0 = Release|Any CPU
	EndGlobalSection
	GlobalSection(SolutionProperties) = preSolution
		HideSolutionNode = FALSE
	EndGlobalSection
	GlobalSection(ExtensibilityGlobals) = postSolution
		SolutionGuid = {74D2C230-E696-4FCD-B81D-E7540A0AA861}
	EndGlobalSection
EndGlobal
