
Microsoft Visual Studio Solution File, Format Version 12.00
# Visual Studio Version 16
VisualStudioVersion = 16.0.31515.178
MinimumVisualStudioVersion = 10.0.40219.1
Project("{FAE04EC0-301F-11D3-BF4B-00C04F79EFBC}") = "GrpcChapter2", "GrpcChapter2\GrpcChapter2.csproj", "{E17F5EAE-EFDF-4BA9-97E9-F6FCDE218F24}"
EndProject
Project("{FAE04EC0-301F-11D3-BF4B-00C04F79EFBC}") = "Common.Library", "Common.Library\Common.Library.csproj", "{CBE59A14-5FA8-4AB2-A29A-6B441884E88E}"
EndProject
Global
	GlobalSection(SolutionConfigurationPlatforms) = preSolution
		Debug|Any CPU = Debug|Any CPU
		Release|Any CPU = Release|Any CPU
	EndGlobalSection
	GlobalSection(ProjectConfigurationPlatforms) = postSolution
		{E17F5EAE-EFDF-4BA9-97E9-F6FCDE218F24}.Debug|Any CPU.ActiveCfg = Debug|Any CPU
		{E17F5EAE-EFDF-4BA9-97E9-F6FCDE218F24}.Debug|Any CPU.Build.0 = Debug|Any CPU
		{E17F5EAE-EFDF-4BA9-97E9-F6FCDE218F24}.Release|Any CPU.ActiveCfg = Release|Any CPU
		{E17F5EAE-EFDF-4BA9-97E9-F6FCDE218F24}.Release|Any CPU.Build.0 = Release|Any CPU
		{CBE59A14-5FA8-4AB2-A29A-6B441884E88E}.Debug|Any CPU.ActiveCfg = Debug|Any CPU
		{CBE59A14-5FA8-4AB2-A29A-6B441884E88E}.Debug|Any CPU.Build.0 = Debug|Any CPU
		{CBE59A14-5FA8-4AB2-A29A-6B441884E88E}.Release|Any CPU.ActiveCfg = Release|Any CPU
		{CBE59A14-5FA8-4AB2-A29A-6B441884E88E}.Release|Any CPU.Build.0 = Release|Any CPU
	EndGlobalSection
	GlobalSection(SolutionProperties) = preSolution
		HideSolutionNode = FALSE
	EndGlobalSection
	GlobalSection(ExtensibilityGlobals) = postSolution
		SolutionGuid = {E2024FB1-9D95-4023-BD93-EFE08A142307}
	EndGlobalSection
EndGlobal
